
Microsoft Visual Studio Solution File, Format Version 12.00
# Visual Studio 15
VisualStudioVersion = 15.0.27004.2009
MinimumVisualStudioVersion = 10.0.40219.1
Project("{FAE04EC0-301F-11D3-BF4B-00C04F79EFBC}") = "SystemOfUnitsTests", "SystemOfUnitsTests\SystemOfUnitsTests.csproj", "{6C8B4743-A753-442D-819C-4E4A8CE81724}"
EndProject
Project("{2150E333-8FDC-42A3-9474-1A3956D46DE8}") = "Tools", "Tools", "{5A3265D5-5FCA-4185-B8FD-5E61103622C0}"
EndProject
Project("{9A19103F-16F7-4668-BE54-9A1E7A4F7556}") = "SystemOfUnits", "SystemOfUnits\SystemOfUnits.csproj", "{12432E39-1F74-4D97-A98D-00EC502D693A}"
EndProject
Project("{FAE04EC0-301F-11D3-BF4B-00C04F79EFBC}") = "SystemOfUnitsGenerator", "SystemOfUnitsGenerator\SystemOfUnitsGenerator.csproj", "{396BCE9B-9608-4EEC-B024-4154BAB2D127}"
EndProject
Project("{9A19103F-16F7-4668-BE54-9A1E7A4F7556}") = "Samples", "Samples\Samples.csproj", "{B7A75029-7E16-40D4-A061-79740AAEBE3D}"
EndProject
Global
	GlobalSection(SolutionConfigurationPlatforms) = preSolution
		Debug|Any CPU = Debug|Any CPU
		Release|Any CPU = Release|Any CPU
	EndGlobalSection
	GlobalSection(ProjectConfigurationPlatforms) = postSolution
		{6C8B4743-A753-442D-819C-4E4A8CE81724}.Debug|Any CPU.ActiveCfg = Debug|Any CPU
		{6C8B4743-A753-442D-819C-4E4A8CE81724}.Debug|Any CPU.Build.0 = Debug|Any CPU
		{6C8B4743-A753-442D-819C-4E4A8CE81724}.Release|Any CPU.ActiveCfg = Release|Any CPU
		{6C8B4743-A753-442D-819C-4E4A8CE81724}.Release|Any CPU.Build.0 = Release|Any CPU
		{12432E39-1F74-4D97-A98D-00EC502D693A}.Debug|Any CPU.ActiveCfg = Debug|Any CPU
		{12432E39-1F74-4D97-A98D-00EC502D693A}.Debug|Any CPU.Build.0 = Debug|Any CPU
		{12432E39-1F74-4D97-A98D-00EC502D693A}.Release|Any CPU.ActiveCfg = Release|Any CPU
		{12432E39-1F74-4D97-A98D-00EC502D693A}.Release|Any CPU.Build.0 = Release|Any CPU
		{396BCE9B-9608-4EEC-B024-4154BAB2D127}.Debug|Any CPU.ActiveCfg = Debug|Any CPU
		{396BCE9B-9608-4EEC-B024-4154BAB2D127}.Debug|Any CPU.Build.0 = Debug|Any CPU
		{396BCE9B-9608-4EEC-B024-4154BAB2D127}.Release|Any CPU.ActiveCfg = Release|Any CPU
		{396BCE9B-9608-4EEC-B024-4154BAB2D127}.Release|Any CPU.Build.0 = Release|Any CPU
		{B7A75029-7E16-40D4-A061-79740AAEBE3D}.Debug|Any CPU.ActiveCfg = Debug|Any CPU
		{B7A75029-7E16-40D4-A061-79740AAEBE3D}.Debug|Any CPU.Build.0 = Debug|Any CPU
		{B7A75029-7E16-40D4-A061-79740AAEBE3D}.Release|Any CPU.ActiveCfg = Release|Any CPU
		{B7A75029-7E16-40D4-A061-79740AAEBE3D}.Release|Any CPU.Build.0 = Release|Any CPU
	EndGlobalSection
	GlobalSection(SolutionProperties) = preSolution
		HideSolutionNode = FALSE
	EndGlobalSection
	GlobalSection(NestedProjects) = preSolution
		{396BCE9B-9608-4EEC-B024-4154BAB2D127} = {5A3265D5-5FCA-4185-B8FD-5E61103622C0}
		{B7A75029-7E16-40D4-A061-79740AAEBE3D} = {5A3265D5-5FCA-4185-B8FD-5E61103622C0}
	EndGlobalSection
	GlobalSection(ExtensibilityGlobals) = postSolution
		SolutionGuid = {1B11FC95-5771-4A6A-8C4F-B72A176EA91E}
	EndGlobalSection
EndGlobal
